# THIS IS AN AUTOGENERATED FILE. DO NOT EDIT THIS FILE DIRECTLY.
# yarn lockfile v1


"@fluentui/date-time-utilities@^8.5.14":
  version "8.5.14"
  resolved "https://registry.yarnpkg.com/@fluentui/date-time-utilities/-/date-time-utilities-8.5.14.tgz#bf7dee2eb3f1540066b342341edcba56d1ba6638"
  integrity sha512-Kc64ZBj0WiaSW/Bsh4fMy9oM2FIk1TgIqBV6+OgOtdKx9cXwLdmgGk8zuQTcuRnwv5WCk2M6wvW1M+eK3sNRGA==
  dependencies:
    "@fluentui/set-version" "^8.2.12"
    tslib "^2.1.0"

"@fluentui/dom-utilities@^2.2.12":
  version "2.2.12"
  resolved "https://registry.yarnpkg.com/@fluentui/dom-utilities/-/dom-utilities-2.2.12.tgz#5797c940f87a0e71fdff097b1eb17f3ed919fb6e"
  integrity sha512-safCKQPJTnshYG13/U2Zx1KWhOhU4vl5RAKqW7HEBfLOHds/fAR+EzTvKgO6OgxJq59JAKJvpH2QujkLXZZQ3A==
  dependencies:
    "@fluentui/set-version" "^8.2.12"
    tslib "^2.1.0"

"@fluentui/font-icons-mdl2@^8.5.26":
  version "8.5.26"
  resolved "https://registry.yarnpkg.com/@fluentui/font-icons-mdl2/-/font-icons-mdl2-8.5.26.tgz#f980a30102eb5d9fd8e86bf10fba7171379e15f6"
  integrity sha512-0fFUHUnUkPuYmuB/WLBfIjZ17Ne7nE2uQQDRQ/fzB7RUW8VnBbR7WbCYJjuF785nhEXLAfwq9xawTShvbMdCPg==
  dependencies:
    "@fluentui/set-version" "^8.2.12"
    "@fluentui/style-utilities" "^8.9.19"
    "@fluentui/utilities" "^8.13.20"
    tslib "^2.1.0"

"@fluentui/foundation-legacy@^8.2.46":
  version "8.2.46"
  resolved "https://registry.yarnpkg.com/@fluentui/foundation-legacy/-/foundation-legacy-8.2.46.tgz#bc9240b35d7d46f32861714e030835455db8b6da"
  integrity sha512-qID0vHDPDK7/qAuHWsQEHyWfMz9ELM0axxlwyxZUHRi6VJRTNFRBEFI4DxlCXxEdAIhBKqLZMurhq8cmyjlCoQ==
  dependencies:
    "@fluentui/merge-styles" "^8.5.13"
    "@fluentui/set-version" "^8.2.12"
    "@fluentui/style-utilities" "^8.9.19"
    "@fluentui/utilities" "^8.13.20"
    tslib "^2.1.0"

"@fluentui/keyboard-key@^0.4.12":
  version "0.4.12"
  resolved "https://registry.yarnpkg.com/@fluentui/keyboard-key/-/keyboard-key-0.4.12.tgz#003fb13c618640e7e51cb13e893ad857b92d85d9"
  integrity sha512-9nPglM58ThbOEQ88KijdYl64hiTAQQ0o60HRc0vboibmr41mJ322FoBz5Q5S5QLIEbBZajrAkrDMs3PKW4CCSw==
  dependencies:
    tslib "^2.1.0"

"@fluentui/merge-styles@^8.5.13":
  version "8.5.13"
  resolved "https://registry.yarnpkg.com/@fluentui/merge-styles/-/merge-styles-8.5.13.tgz#749e3b048f33b17af2edab7b9db67cde31513a2c"
  integrity sha512-ocgwNlQcQwn5mNlZKFazrFVbYDEQ6BptoW4GyEv6U5TEHE8HKKYuPRf340NXCRGiacSpz3vLkyDjp+L431qUXg==
  dependencies:
    "@fluentui/set-version" "^8.2.12"
    tslib "^2.1.0"

"@fluentui/react-focus@^8.8.33":
  version "8.8.33"
  resolved "https://registry.yarnpkg.com/@fluentui/react-focus/-/react-focus-8.8.33.tgz#d566c67b75806ba20efefc2b90edaa6883e79b27"
  integrity sha512-6+5LWCluSzVr8rK1dUNQ4HP/Prz7OWUScrNi7C+PLZxbt4nnA5M+lDpwRZM1ZyhVhsEjH7p25tagp+EGYz+xKA==
  dependencies:
    "@fluentui/keyboard-key" "^0.4.12"
    "@fluentui/merge-styles" "^8.5.13"
    "@fluentui/set-version" "^8.2.12"
    "@fluentui/style-utilities" "^8.9.19"
    "@fluentui/utilities" "^8.13.20"
    tslib "^2.1.0"

"@fluentui/react-hooks@^8.6.31":
  version "8.6.31"
  resolved "https://registry.yarnpkg.com/@fluentui/react-hooks/-/react-hooks-8.6.31.tgz#c0a6f255ae6e0d6b83ea4e2abf53e182bb7591f9"
  integrity sha512-T46dce11MixKAVVtMDUdhtBA4hKHA34T/Y+lFrguqVupcwsUwrYMkI/RQFlrRKuX7djJMNYDw2E/8R1o5a7oMg==
  dependencies:
    "@fluentui/react-window-provider" "^2.2.16"
    "@fluentui/set-version" "^8.2.12"
    "@fluentui/utilities" "^8.13.20"
    tslib "^2.1.0"

"@fluentui/react-portal-compat-context@^9.0.9":
  version "9.0.9"
  resolved "https://registry.yarnpkg.com/@fluentui/react-portal-compat-context/-/react-portal-compat-context-9.0.9.tgz#6482d4fa7518dc161b3fbb62e00f240c13acd846"
  integrity sha512-Qt4zBJjBf3QihWqDNfZ4D9ha0QdcUvw4zIErp6IkT4uFIkV2VSgEjIKXm0h2iDEZZQtzbGlFG+9hPPhH13HaPQ==
  dependencies:
    "@swc/helpers" "^0.5.1"

"@fluentui/react-window-provider@^2.2.16":
  version "2.2.16"
  resolved "https://registry.yarnpkg.com/@fluentui/react-window-provider/-/react-window-provider-2.2.16.tgz#ced0c18ff3dfa9789bddb8dc3c7ac16c2725d2dd"
  integrity sha512-4gkUMSAUjo3cgCGt+0VvTbMy9qbF6zo/cmmfYtfqbSFtXz16lKixSCMIf66gXdKjovqRGVFC/XibqfrXM2QLuw==
  dependencies:
    "@fluentui/set-version" "^8.2.12"
    tslib "^2.1.0"

"@fluentui/react@^8.111.2":
  version "8.112.4"
  resolved "https://registry.yarnpkg.com/@fluentui/react/-/react-8.112.4.tgz#88ec4b63c6ca045102960ea34aa788412d7cced9"
  integrity sha512-Gxs9dyjbjCfwUO5EjIRP2YNaYWul0TdhrK3mTtcbgHye6aKxbmtAEacKzqYJbD2gqcCm6Pv53X57y7TmDIZXnQ==
  dependencies:
    "@fluentui/date-time-utilities" "^8.5.14"
    "@fluentui/font-icons-mdl2" "^8.5.26"
    "@fluentui/foundation-legacy" "^8.2.46"
    "@fluentui/merge-styles" "^8.5.13"
    "@fluentui/react-focus" "^8.8.33"
    "@fluentui/react-hooks" "^8.6.31"
    "@fluentui/react-portal-compat-context" "^9.0.9"
    "@fluentui/react-window-provider" "^2.2.16"
    "@fluentui/set-version" "^8.2.12"
    "@fluentui/style-utilities" "^8.9.19"
    "@fluentui/theme" "^2.6.37"
    "@fluentui/utilities" "^8.13.20"
    "@microsoft/load-themed-styles" "^1.10.26"
    tslib "^2.1.0"

"@fluentui/set-version@^8.2.12":
  version "8.2.12"
  resolved "https://registry.yarnpkg.com/@fluentui/set-version/-/set-version-8.2.12.tgz#264dfca5b8c21bd5bfe2e3303ce1fb201fdf08a8"
  integrity sha512-I4uXIg9xkL2Heotf1+7CyGcHQskdtMSH0B5mSV0TL3w7WI2qpnzrpKuP2Kq6DHZN6Xrsg4ORFNJSjLxq/s9cUQ==
  dependencies:
    tslib "^2.1.0"

"@fluentui/style-utilities@^8.9.19":
  version "8.9.19"
  resolved "https://registry.yarnpkg.com/@fluentui/style-utilities/-/style-utilities-8.9.19.tgz#78983ec95dcabd4e6199591208b3052dcfb5da79"
  integrity sha512-hllI0OCKYadeFwf4+DLqCWuLReqPRGFzu3vmJo2kIQCyzNKdJqPd8Kh5myv482kWgCAFIrvFDqU0KYS8b/tVWw==
  dependencies:
    "@fluentui/merge-styles" "^8.5.13"
    "@fluentui/set-version" "^8.2.12"
    "@fluentui/theme" "^2.6.37"
    "@fluentui/utilities" "^8.13.20"
    "@microsoft/load-themed-styles" "^1.10.26"
    tslib "^2.1.0"

"@fluentui/theme@^2.6.37":
  version "2.6.37"
  resolved "https://registry.yarnpkg.com/@fluentui/theme/-/theme-2.6.37.tgz#a7679200c90062bc479e684694283c42f66ce881"
  integrity sha512-oL+bd/gfWDM2BPjBodwEQPE0M6HkIvwpQUkDdkzaLfiZU7kI/MvqxQrlmS8JNEACf3YjcHtScVXkUcvweFYocQ==
  dependencies:
    "@fluentui/merge-styles" "^8.5.13"
    "@fluentui/set-version" "^8.2.12"
    "@fluentui/utilities" "^8.13.20"
    tslib "^2.1.0"

"@fluentui/utilities@^8.13.20":
  version "8.13.20"
  resolved "https://registry.yarnpkg.com/@fluentui/utilities/-/utilities-8.13.20.tgz#809d507a709bd57477c1601e1fefd6f128777317"
  integrity sha512-WxSSruuCz9VJacyT6wV0LvSxdhsS/WVxel38YrB4QOi7ASlkDZ20+sOZ8fNE3PlwKS9DQmxq6W7cUei9iEPwVg==
  dependencies:
    "@fluentui/dom-utilities" "^2.2.12"
    "@fluentui/merge-styles" "^8.5.13"
    "@fluentui/set-version" "^8.2.12"
    tslib "^2.1.0"

"@microsoft/load-themed-styles@^1.10.26":
  version "1.10.295"
  resolved "https://registry.yarnpkg.com/@microsoft/load-themed-styles/-/load-themed-styles-1.10.295.tgz#d3c8d7ab186f422727ba112d6ebe5fe8e41051d9"
  integrity sha512-W+IzEBw8a6LOOfRJM02dTT7BDZijxm+Z7lhtOAz1+y9vQm1Kdz9jlAO+qCEKsfxtUOmKilW8DIRqFw2aUgKeGg==

"@rapid-platform/use-composed-class-name@1.1.0":
  version "1.1.0"
  resolved "https://registry.yarnpkg.com/@rapid-platform/use-composed-class-name/-/use-composed-class-name-1.1.0.tgz#54226fdb9881fac2c5079c4ba1c4c22661beb19b"
  integrity sha512-JmWjxoKkqK0MJ4q++28OvcBWRyuFYwTOeU373Agz9yguKYktw84n7Lvwkk+TG0yQ+A974nMCM0yzlBcx6WXv6g==

"@swc/helpers@^0.5.1":
  version "0.5.3"
  resolved "https://registry.yarnpkg.com/@swc/helpers/-/helpers-0.5.3.tgz#98c6da1e196f5f08f977658b80d6bd941b5f294f"
  integrity sha512-FaruWX6KdudYloq1AHD/4nU+UsMTdNE8CKyrseXWEcgjDAbvkwJg2QGPAnfIJLIWsjZOSPLOAykK6fuYp4vp4A==
  dependencies:
    tslib "^2.4.0"

"@types/node@18.11.9":
  version "18.11.9"
  resolved "https://registry.yarnpkg.com/@types/node/-/node-18.11.9.tgz#02d013de7058cea16d36168ef2fc653464cfbad4"
  integrity sha512-CRpX21/kGdzjOpFsZSkcrXMGIBWMGNIHXXBVFSH+ggkftxg+XYP20TESbh+zFvFj3EQOl5byk0HTRn1IL6hbqg==

"@types/prop-types@*":
  version "15.7.9"
  resolved "https://registry.yarnpkg.com/@types/prop-types/-/prop-types-15.7.9.tgz#b6f785caa7ea1fe4414d9df42ee0ab67f23d8a6d"
  integrity sha512-n1yyPsugYNSmHgxDFjicaI2+gCNjsBck8UX9kuofAKlc0h1bL+20oSF72KeNaW2DUlesbEVCFgyV2dPGTiY42g==

"@types/react-dom@18.2.14":
  version "18.2.14"
  resolved "https://registry.yarnpkg.com/@types/react-dom/-/react-dom-18.2.14.tgz#c01ba40e5bb57fc1dc41569bb3ccdb19eab1c539"
  integrity sha512-V835xgdSVmyQmI1KLV2BEIUgqEuinxp9O4G6g3FqO/SqLac049E53aysv0oEFD2kHfejeKU+ZqL2bcFWj9gLAQ==
  dependencies:
    "@types/react" "*"

"@types/react@*", "@types/react@18.2.33":
  version "18.2.33"
  resolved "https://registry.yarnpkg.com/@types/react/-/react-18.2.33.tgz#055356243dc4350a9ee6c6a2c07c5cae12e38877"
  integrity sha512-v+I7S+hu3PIBoVkKGpSYYpiBT1ijqEzWpzQD62/jm4K74hPpSP7FF9BnKG6+fg2+62weJYkkBWDJlZt5JO/9hg==
  dependencies:
    "@types/prop-types" "*"
    "@types/scheduler" "*"
    csstype "^3.0.2"

"@types/scheduler@*":
  version "0.16.5"
  resolved "https://registry.yarnpkg.com/@types/scheduler/-/scheduler-0.16.5.tgz#4751153abbf8d6199babb345a52e1eb4167d64af"
  integrity sha512-s/FPdYRmZR8SjLWGMCuax7r3qCWQw9QKHzXVukAuuIJkXkDRwp+Pu5LMIVFi0Fxbav35WURicYr8u1QsoybnQw==

csstype@^3.0.2:
  version "3.1.2"
  resolved "https://registry.yarnpkg.com/csstype/-/csstype-3.1.2.tgz#1d4bf9d572f11c14031f0436e1c10bc1f571f50b"
  integrity sha512-I7K1Uu0MBPzaFKg4nI5Q7Vs2t+3gWWW648spaF+Rg7pI9ds18Ugn+lvg4SHczUdKlHI5LWBXyqfS8+DufyBsgQ==

"js-tokens@^3.0.0 || ^4.0.0":
  version "4.0.0"
  resolved "https://registry.yarnpkg.com/js-tokens/-/js-tokens-4.0.0.tgz#19203fb59991df98e3a287050d4647cdeaf32499"
  integrity sha512-RdJUflcE3cUzKiMqQgsCu06FPu9UdIJO0beYbPhHN4k6apgJtifcoCtT9bcxOpYBtpD2kCM6Sbzg4CausW/PKQ==

loose-envify@^1.1.0:
  version "1.4.0"
  resolved "https://registry.yarnpkg.com/loose-envify/-/loose-envify-1.4.0.tgz#71ee51fa7be4caec1a63839f7e682d8132d30caf"
  integrity sha512-lyuxPGr/Wfhrlem2CL/UcnUc1zcqKAImBDzukY7Y5F/yQiNdko6+fRLevlw1HgMySw7f611UIY408EtxRSoK3Q==
  dependencies:
    js-tokens "^3.0.0 || ^4.0.0"

react-dom@18.2.0:
  version "18.2.0"
  resolved "https://registry.yarnpkg.com/react-dom/-/react-dom-18.2.0.tgz#22aaf38708db2674ed9ada224ca4aa708d821e3d"
  integrity sha512-6IMTriUmvsjHUjNtEDudZfuDQUoWXVxKHhlEGSk81n4YFS+r/Kl99wXiwlVXtPBtJenozv2P+hxDsw9eA7Xo6g==
  dependencies:
    loose-envify "^1.1.0"
    scheduler "^0.23.0"

react@18.2.0:
  version "18.2.0"
  resolved "https://registry.yarnpkg.com/react/-/react-18.2.0.tgz#555bd98592883255fa00de14f1151a917b5d77d5"
  integrity sha512-/3IjMdb2L9QbBdWiW5e3P2/npwMBaU9mHCSCUzNln0ZCYbcfTsGbTJrU/kGemdH2IWmB2ioZ+zkxtmq6g09fGQ==
  dependencies:
    loose-envify "^1.1.0"

scheduler@^0.23.0:
  version "0.23.0"
  resolved "https://registry.yarnpkg.com/scheduler/-/scheduler-0.23.0.tgz#ba8041afc3d30eb206a487b6b384002e4e61fdfe"
  integrity sha512-CtuThmgHNg7zIZWAXi3AsyIzA3n4xx7aNyjwC2VJldO2LMVDhFK+63xGqq6CsJH4rTAt6/M+N4GhZiDYPx9eUw==
  dependencies:
    loose-envify "^1.1.0"

tslib@^2.1.0, tslib@^2.4.0:
  version "2.6.2"
  resolved "https://registry.yarnpkg.com/tslib/-/tslib-2.6.2.tgz#703ac29425e7b37cd6fd456e92404d46d1f3e4ae"
  integrity sha512-AEYxH93jGFPn/a2iVAwW87VuUIkR1FVUKB77NwMF7nBTDkDrrT/Hpt/IrCJ0QXhW27jTBDcf5ZY7w6RiqTMw2Q==

typescript@4.9.3:
  version "4.9.3"
  resolved "https://registry.yarnpkg.com/typescript/-/typescript-4.9.3.tgz#3aea307c1746b8c384435d8ac36b8a2e580d85db"
  integrity sha512-CIfGzTelbKNEnLpLdGFgdyKhG23CKdKgQPOBc+OUNrkJ2vr+KSzsSV5kq5iWhEQbok+quxgGzrAtGWCyU7tHnA==
